// !$*UTF8*$!
{
	archiveVersion = 1;
	classes = {
	};
	objectVersion = 55;
	objects = {

/* Begin PBXBuildFile section */
		334F04D029DC95FC00800A0C /* UsersModels.swift in Sources */ = {isa = PBXBuildFile; fileRef = 334F04CF29DC95FC00800A0C /* UsersModels.swift */; };
		337499C029D5D63100A7AA82 /* AppDelegate.swift in Sources */ = {isa = PBXBuildFile; fileRef = 337499BF29D5D63100A7AA82 /* AppDelegate.swift */; };
		337499C229D5D63100A7AA82 /* SceneDelegate.swift in Sources */ = {isa = PBXBuildFile; fileRef = 337499C129D5D63100A7AA82 /* SceneDelegate.swift */; };
		337499C429D5D63100A7AA82 /* ViewController.swift in Sources */ = {isa = PBXBuildFile; fileRef = 337499C329D5D63100A7AA82 /* ViewController.swift */; };
		337499C929D5D63200A7AA82 /* Assets.xcassets in Resources */ = {isa = PBXBuildFile; fileRef = 337499C829D5D63200A7AA82 /* Assets.xcassets */; };
		337499CC29D5D63200A7AA82 /* LaunchScreen.storyboard in Resources */ = {isa = PBXBuildFile; fileRef = 337499CA29D5D63200A7AA82 /* LaunchScreen.storyboard */; };
		33DBC9B329E2D147004052E4 /* R.generated.swift in Sources */ = {isa = PBXBuildFile; fileRef = 33DBC9B229E2D147004052E4 /* R.generated.swift */; };
		33DBC9B529E2D193004052E4 /* R.Aliases.swift in Sources */ = {isa = PBXBuildFile; fileRef = 33DBC9B429E2D193004052E4 /* R.Aliases.swift */; };
		33DBC9BA29E2DE33004052E4 /* Texts.strings in Resources */ = {isa = PBXBuildFile; fileRef = 33DBC9BC29E2DE33004052E4 /* Texts.strings */; };
		33F9DF8129DD539A007F3DCA /* UserComposer.swift in Sources */ = {isa = PBXBuildFile; fileRef = 33F9DF8029DD539A007F3DCA /* UserComposer.swift */; };
		33F9DF8329DD53A8007F3DCA /* UsersPresenter.swift in Sources */ = {isa = PBXBuildFile; fileRef = 33F9DF8229DD53A8007F3DCA /* UsersPresenter.swift */; };
		33F9DF8529DD53AF007F3DCA /* UsersTableViewController.swift in Sources */ = {isa = PBXBuildFile; fileRef = 33F9DF8429DD53AF007F3DCA /* UsersTableViewController.swift */; };
		33F9DF8729DD53B4007F3DCA /* UsersTableViewController.xib in Resources */ = {isa = PBXBuildFile; fileRef = 33F9DF8629DD53B4007F3DCA /* UsersTableViewController.xib */; };
		33F9DF8B29DDC7AE007F3DCA /* UsersTableViewCell.swift in Sources */ = {isa = PBXBuildFile; fileRef = 33F9DF8929DDC7AE007F3DCA /* UsersTableViewCell.swift */; };
		33F9DF8C29DDC7AE007F3DCA /* UsersTableViewCell.xib in Resources */ = {isa = PBXBuildFile; fileRef = 33F9DF8A29DDC7AE007F3DCA /* UsersTableViewCell.xib */; };
		BBA868A91303BA8CC1524749 /* Pods_PortfolioApp.framework in Frameworks */ = {isa = PBXBuildFile; fileRef = FE7343F71DE6A722E64DBFDE /* Pods_PortfolioApp.framework */; };
/* End PBXBuildFile section */

/* Begin PBXFileReference section */
		334F04CF29DC95FC00800A0C /* UsersModels.swift */ = {isa = PBXFileReference; lastKnownFileType = sourcecode.swift; path = UsersModels.swift; sourceTree = "<group>"; };
		337499BC29D5D63100A7AA82 /* PortfolioApp.app */ = {isa = PBXFileReference; explicitFileType = wrapper.application; includeInIndex = 0; path = PortfolioApp.app; sourceTree = BUILT_PRODUCTS_DIR; };
		337499BF29D5D63100A7AA82 /* AppDelegate.swift */ = {isa = PBXFileReference; lastKnownFileType = sourcecode.swift; path = AppDelegate.swift; sourceTree = "<group>"; };
		337499C129D5D63100A7AA82 /* SceneDelegate.swift */ = {isa = PBXFileReference; lastKnownFileType = sourcecode.swift; path = SceneDelegate.swift; sourceTree = "<group>"; };
		337499C329D5D63100A7AA82 /* ViewController.swift */ = {isa = PBXFileReference; lastKnownFileType = sourcecode.swift; path = ViewController.swift; sourceTree = "<group>"; };
		337499C829D5D63200A7AA82 /* Assets.xcassets */ = {isa = PBXFileReference; lastKnownFileType = folder.assetcatalog; path = Assets.xcassets; sourceTree = "<group>"; };
		337499CB29D5D63200A7AA82 /* Base */ = {isa = PBXFileReference; lastKnownFileType = file.storyboard; name = Base; path = Base.lproj/LaunchScreen.storyboard; sourceTree = "<group>"; };
		337499CD29D5D63200A7AA82 /* Info.plist */ = {isa = PBXFileReference; lastKnownFileType = text.plist.xml; path = Info.plist; sourceTree = "<group>"; };
		33DBC9B229E2D147004052E4 /* R.generated.swift */ = {isa = PBXFileReference; fileEncoding = 4; lastKnownFileType = sourcecode.swift; path = R.generated.swift; sourceTree = "<group>"; };
		33DBC9B429E2D193004052E4 /* R.Aliases.swift */ = {isa = PBXFileReference; lastKnownFileType = sourcecode.swift; path = R.Aliases.swift; sourceTree = "<group>"; };
		33DBC9BB29E2DE33004052E4 /* en */ = {isa = PBXFileReference; lastKnownFileType = text.plist.strings; name = en; path = en.lproj/Texts.strings; sourceTree = "<group>"; };
		33F9DF8029DD539A007F3DCA /* UserComposer.swift */ = {isa = PBXFileReference; fileEncoding = 4; lastKnownFileType = sourcecode.swift; path = UserComposer.swift; sourceTree = "<group>"; };
		33F9DF8229DD53A8007F3DCA /* UsersPresenter.swift */ = {isa = PBXFileReference; fileEncoding = 4; lastKnownFileType = sourcecode.swift; path = UsersPresenter.swift; sourceTree = "<group>"; };
		33F9DF8429DD53AF007F3DCA /* UsersTableViewController.swift */ = {isa = PBXFileReference; fileEncoding = 4; lastKnownFileType = sourcecode.swift; path = UsersTableViewController.swift; sourceTree = "<group>"; };
		33F9DF8629DD53B4007F3DCA /* UsersTableViewController.xib */ = {isa = PBXFileReference; fileEncoding = 4; lastKnownFileType = file.xib; path = UsersTableViewController.xib; sourceTree = "<group>"; };
		33F9DF8929DDC7AE007F3DCA /* UsersTableViewCell.swift */ = {isa = PBXFileReference; lastKnownFileType = sourcecode.swift; path = UsersTableViewCell.swift; sourceTree = "<group>"; };
		33F9DF8A29DDC7AE007F3DCA /* UsersTableViewCell.xib */ = {isa = PBXFileReference; lastKnownFileType = file.xib; path = UsersTableViewCell.xib; sourceTree = "<group>"; };
		7F0A406A63E1CA6C4F23D192 /* Pods-PortfolioApp.release.xcconfig */ = {isa = PBXFileReference; includeInIndex = 1; lastKnownFileType = text.xcconfig; name = "Pods-PortfolioApp.release.xcconfig"; path = "Target Support Files/Pods-PortfolioApp/Pods-PortfolioApp.release.xcconfig"; sourceTree = "<group>"; };
		A1311AAD2A1C616C1BE46A8D /* Pods-PortfolioApp.debug.xcconfig */ = {isa = PBXFileReference; includeInIndex = 1; lastKnownFileType = text.xcconfig; name = "Pods-PortfolioApp.debug.xcconfig"; path = "Target Support Files/Pods-PortfolioApp/Pods-PortfolioApp.debug.xcconfig"; sourceTree = "<group>"; };
		FE7343F71DE6A722E64DBFDE /* Pods_PortfolioApp.framework */ = {isa = PBXFileReference; explicitFileType = wrapper.framework; includeInIndex = 0; path = Pods_PortfolioApp.framework; sourceTree = BUILT_PRODUCTS_DIR; };
/* End PBXFileReference section */

/* Begin PBXFrameworksBuildPhase section */
		337499B929D5D63100A7AA82 /* Frameworks */ = {
			isa = PBXFrameworksBuildPhase;
			buildActionMask = 2147483647;
			files = (
				BBA868A91303BA8CC1524749 /* Pods_PortfolioApp.framework in Frameworks */,
			);
			runOnlyForDeploymentPostprocessing = 0;
		};
/* End PBXFrameworksBuildPhase section */

/* Begin PBXGroup section */
		334F04C729DC951200800A0C /* UsersScreen */ = {
			isa = PBXGroup;
			children = (
				334F04C829DC955D00800A0C /* Users */,
			);
			path = UsersScreen;
			sourceTree = "<group>";
		};
		334F04C829DC955D00800A0C /* Users */ = {
			isa = PBXGroup;
			children = (
				33F9DF8829DDC766007F3DCA /* UsersCell */,
				33F9DF8029DD539A007F3DCA /* UserComposer.swift */,
				33F9DF8229DD53A8007F3DCA /* UsersPresenter.swift */,
				33F9DF8429DD53AF007F3DCA /* UsersTableViewController.swift */,
				33F9DF8629DD53B4007F3DCA /* UsersTableViewController.xib */,
				334F04CF29DC95FC00800A0C /* UsersModels.swift */,
			);
			path = Users;
			sourceTree = "<group>";
		};
		337499B329D5D63100A7AA82 = {
			isa = PBXGroup;
			children = (
				337499BE29D5D63100A7AA82 /* PortfolioApp */,
				337499BD29D5D63100A7AA82 /* Products */,
				793712A8AC17B3650753E138 /* Pods */,
				F4BF901E9074E4B2342D1138 /* Frameworks */,
			);
			sourceTree = "<group>";
		};
		337499BD29D5D63100A7AA82 /* Products */ = {
			isa = PBXGroup;
			children = (
				337499BC29D5D63100A7AA82 /* PortfolioApp.app */,
			);
			name = Products;
			sourceTree = "<group>";
		};
		337499BE29D5D63100A7AA82 /* PortfolioApp */ = {
			isa = PBXGroup;
			children = (
				334F04C729DC951200800A0C /* UsersScreen */,
				337499BF29D5D63100A7AA82 /* AppDelegate.swift */,
				337499C129D5D63100A7AA82 /* SceneDelegate.swift */,
				337499C329D5D63100A7AA82 /* ViewController.swift */,
				337499C829D5D63200A7AA82 /* Assets.xcassets */,
				337499CA29D5D63200A7AA82 /* LaunchScreen.storyboard */,
				337499CD29D5D63200A7AA82 /* Info.plist */,
				33DBC9B229E2D147004052E4 /* R.generated.swift */,
				33DBC9B429E2D193004052E4 /* R.Aliases.swift */,
				33DBC9BC29E2DE33004052E4 /* Texts.strings */,
			);
			path = PortfolioApp;
			sourceTree = "<group>";
		};
		33F9DF8829DDC766007F3DCA /* UsersCell */ = {
			isa = PBXGroup;
			children = (
				33F9DF8929DDC7AE007F3DCA /* UsersTableViewCell.swift */,
				33F9DF8A29DDC7AE007F3DCA /* UsersTableViewCell.xib */,
			);
			path = UsersCell;
			sourceTree = "<group>";
		};
		793712A8AC17B3650753E138 /* Pods */ = {
			isa = PBXGroup;
			children = (
				A1311AAD2A1C616C1BE46A8D /* Pods-PortfolioApp.debug.xcconfig */,
				7F0A406A63E1CA6C4F23D192 /* Pods-PortfolioApp.release.xcconfig */,
			);
			path = Pods;
			sourceTree = "<group>";
		};
		F4BF901E9074E4B2342D1138 /* Frameworks */ = {
			isa = PBXGroup;
			children = (
				FE7343F71DE6A722E64DBFDE /* Pods_PortfolioApp.framework */,
			);
			name = Frameworks;
			sourceTree = "<group>";
		};
/* End PBXGroup section */

/* Begin PBXNativeTarget section */
		337499BB29D5D63100A7AA82 /* PortfolioApp */ = {
			isa = PBXNativeTarget;
			buildConfigurationList = 337499E629D5D63300A7AA82 /* Build configuration list for PBXNativeTarget "PortfolioApp" */;
			buildPhases = (
				55165165E9BF23D2CA3F7808 /* [CP] Check Pods Manifest.lock */,
				3361F02A29D5E255003D8A6B /* R.Swift */,
				337499B829D5D63100A7AA82 /* Sources */,
				337499B929D5D63100A7AA82 /* Frameworks */,
				337499BA29D5D63100A7AA82 /* Resources */,
				336923D329D5DB62004C7654 /* SwiftLint */,
				BA4CA99DB938D165381095DF /* [CP] Embed Pods Frameworks */,
			);
			buildRules = (
			);
			dependencies = (
			);
			name = PortfolioApp;
			productName = PortfolioApp;
			productReference = 337499BC29D5D63100A7AA82 /* PortfolioApp.app */;
			productType = "com.apple.product-type.application";
		};
/* End PBXNativeTarget section */

/* Begin PBXProject section */
		337499B429D5D63100A7AA82 /* Project object */ = {
			isa = PBXProject;
			attributes = {
				BuildIndependentTargetsInParallel = 1;
				LastSwiftUpdateCheck = 1420;
				LastUpgradeCheck = 1420;
				TargetAttributes = {
					337499BB29D5D63100A7AA82 = {
						CreatedOnToolsVersion = 14.2;
					};
				};
			};
			buildConfigurationList = 337499B729D5D63100A7AA82 /* Build configuration list for PBXProject "PortfolioApp" */;
			compatibilityVersion = "Xcode 13.0";
			developmentRegion = en;
			hasScannedForEncodings = 0;
			knownRegions = (
				en,
				Base,
			);
			mainGroup = 337499B329D5D63100A7AA82;
			productRefGroup = 337499BD29D5D63100A7AA82 /* Products */;
			projectDirPath = "";
			projectRoot = "";
			targets = (
				337499BB29D5D63100A7AA82 /* PortfolioApp */,
			);
		};
/* End PBXProject section */

/* Begin PBXResourcesBuildPhase section */
		337499BA29D5D63100A7AA82 /* Resources */ = {
			isa = PBXResourcesBuildPhase;
			buildActionMask = 2147483647;
			files = (
				33F9DF8C29DDC7AE007F3DCA /* UsersTableViewCell.xib in Resources */,
				337499CC29D5D63200A7AA82 /* LaunchScreen.storyboard in Resources */,
				33DBC9BA29E2DE33004052E4 /* Texts.strings in Resources */,
				337499C929D5D63200A7AA82 /* Assets.xcassets in Resources */,
				33F9DF8729DD53B4007F3DCA /* UsersTableViewController.xib in Resources */,
			);
			runOnlyForDeploymentPostprocessing = 0;
		};
/* End PBXResourcesBuildPhase section */

/* Begin PBXShellScriptBuildPhase section */
		3361F02A29D5E255003D8A6B /* R.Swift */ = {
			isa = PBXShellScriptBuildPhase;
			alwaysOutOfDate = 1;
			buildActionMask = 2147483647;
			files = (
			);
			inputFileListPaths = (
			);
			inputPaths = (
			);
			name = R.Swift;
			outputFileListPaths = (
			);
			outputPaths = (
				$SRCROOT/PortfolioApp/R.generated.swift,
			);
			runOnlyForDeploymentPostprocessing = 0;
			shellPath = /bin/sh;
			shellScript = "\"$PODS_ROOT/R.swift/rswift\" generate \"$SRCROOT/PortfolioApp/R.generated.swift\"\n";
		};
		336923D329D5DB62004C7654 /* SwiftLint */ = {
			isa = PBXShellScriptBuildPhase;
			alwaysOutOfDate = 1;
			buildActionMask = 2147483647;
			files = (
			);
			inputFileListPaths = (
			);
			inputPaths = (
			);
			name = SwiftLint;
			outputFileListPaths = (
			);
			outputPaths = (
			);
			runOnlyForDeploymentPostprocessing = 0;
			shellPath = /bin/sh;
			shellScript = "${PODS_ROOT}/SwiftLint/swiftlint\n";
		};
		55165165E9BF23D2CA3F7808 /* [CP] Check Pods Manifest.lock */ = {
			isa = PBXShellScriptBuildPhase;
			buildActionMask = 2147483647;
			files = (
			);
			inputFileListPaths = (
			);
			inputPaths = (
				"${PODS_PODFILE_DIR_PATH}/Podfile.lock",
				"${PODS_ROOT}/Manifest.lock",
			);
			name = "[CP] Check Pods Manifest.lock";
			outputFileListPaths = (
			);
			outputPaths = (
				"$(DERIVED_FILE_DIR)/Pods-PortfolioApp-checkManifestLockResult.txt",
			);
			runOnlyForDeploymentPostprocessing = 0;
			shellPath = /bin/sh;
			shellScript = "diff \"${PODS_PODFILE_DIR_PATH}/Podfile.lock\" \"${PODS_ROOT}/Manifest.lock\" > /dev/null\nif [ $? != 0 ] ; then\n    # print error to STDERR\n    echo \"error: The sandbox is not in sync with the Podfile.lock. Run 'pod install' or update your CocoaPods installation.\" >&2\n    exit 1\nfi\n# This output is used by Xcode 'outputs' to avoid re-running this script phase.\necho \"SUCCESS\" > \"${SCRIPT_OUTPUT_FILE_0}\"\n";
			showEnvVarsInLog = 0;
		};
		BA4CA99DB938D165381095DF /* [CP] Embed Pods Frameworks */ = {
			isa = PBXShellScriptBuildPhase;
			buildActionMask = 2147483647;
			files = (
			);
			inputFileListPaths = (
				"${PODS_ROOT}/Target Support Files/Pods-PortfolioApp/Pods-PortfolioApp-frameworks-${CONFIGURATION}-input-files.xcfilelist",
			);
			name = "[CP] Embed Pods Frameworks";
			outputFileListPaths = (
				"${PODS_ROOT}/Target Support Files/Pods-PortfolioApp/Pods-PortfolioApp-frameworks-${CONFIGURATION}-output-files.xcfilelist",
			);
			runOnlyForDeploymentPostprocessing = 0;
			shellPath = /bin/sh;
			shellScript = "\"${PODS_ROOT}/Target Support Files/Pods-PortfolioApp/Pods-PortfolioApp-frameworks.sh\"\n";
			showEnvVarsInLog = 0;
		};
/* End PBXShellScriptBuildPhase section */

/* Begin PBXSourcesBuildPhase section */
		337499B829D5D63100A7AA82 /* Sources */ = {
			isa = PBXSourcesBuildPhase;
			buildActionMask = 2147483647;
			files = (
				334F04D029DC95FC00800A0C /* UsersModels.swift in Sources */,
				337499C429D5D63100A7AA82 /* ViewController.swift in Sources */,
				33F9DF8529DD53AF007F3DCA /* UsersTableViewController.swift in Sources */,
				337499C029D5D63100A7AA82 /* AppDelegate.swift in Sources */,
				337499C229D5D63100A7AA82 /* SceneDelegate.swift in Sources */,
				33F9DF8329DD53A8007F3DCA /* UsersPresenter.swift in Sources */,
				33F9DF8129DD539A007F3DCA /* UserComposer.swift in Sources */,
				33DBC9B329E2D147004052E4 /* R.generated.swift in Sources */,
				33DBC9B529E2D193004052E4 /* R.Aliases.swift in Sources */,
				33F9DF8B29DDC7AE007F3DCA /* UsersTableViewCell.swift in Sources */,
			);
			runOnlyForDeploymentPostprocessing = 0;
		};
/* End PBXSourcesBuildPhase section */

/* Begin PBXVariantGroup section */
		337499CA29D5D63200A7AA82 /* LaunchScreen.storyboard */ = {
			isa = PBXVariantGroup;
			children = (
				337499CB29D5D63200A7AA82 /* Base */,
			);
			name = LaunchScreen.storyboard;
			sourceTree = "<group>";
		};
		33DBC9BC29E2DE33004052E4 /* Texts.strings */ = {
			isa = PBXVariantGroup;
			children = (
				33DBC9BB29E2DE33004052E4 /* en */,
			);
			name = Texts.strings;
			sourceTree = "<group>";
		};
/* End PBXVariantGroup section */

/* Begin XCBuildConfiguration section */
		337499E429D5D63300A7AA82 /* Debug */ = {
			isa = XCBuildConfiguration;
			buildSettings = {
				ALWAYS_SEARCH_USER_PATHS = NO;
				CLANG_ANALYZER_NONNULL = YES;
				CLANG_ANALYZER_NUMBER_OBJECT_CONVERSION = YES_AGGRESSIVE;
				CLANG_CXX_LANGUAGE_STANDARD = "gnu++20";
				CLANG_ENABLE_MODULES = YES;
				CLANG_ENABLE_OBJC_ARC = YES;
				CLANG_ENABLE_OBJC_WEAK = YES;
				CLANG_WARN_BLOCK_CAPTURE_AUTORELEASING = YES;
				CLANG_WARN_BOOL_CONVERSION = YES;
				CLANG_WARN_COMMA = YES;
				CLANG_WARN_CONSTANT_CONVERSION = YES;
				CLANG_WARN_DEPRECATED_OBJC_IMPLEMENTATIONS = YES;
				CLANG_WARN_DIRECT_OBJC_ISA_USAGE = YES_ERROR;
				CLANG_WARN_DOCUMENTATION_COMMENTS = YES;
				CLANG_WARN_EMPTY_BODY = YES;
				CLANG_WARN_ENUM_CONVERSION = YES;
				CLANG_WARN_INFINITE_RECURSION = YES;
				CLANG_WARN_INT_CONVERSION = YES;
				CLANG_WARN_NON_LITERAL_NULL_CONVERSION = YES;
				CLANG_WARN_OBJC_IMPLICIT_RETAIN_SELF = YES;
				CLANG_WARN_OBJC_LITERAL_CONVERSION = YES;
				CLANG_WARN_OBJC_ROOT_CLASS = YES_ERROR;
				CLANG_WARN_QUOTED_INCLUDE_IN_FRAMEWORK_HEADER = YES;
				CLANG_WARN_RANGE_LOOP_ANALYSIS = YES;
				CLANG_WARN_STRICT_PROTOTYPES = YES;
				CLANG_WARN_SUSPICIOUS_MOVE = YES;
				CLANG_WARN_UNGUARDED_AVAILABILITY = YES_AGGRESSIVE;
				CLANG_WARN_UNREACHABLE_CODE = YES;
				CLANG_WARN__DUPLICATE_METHOD_MATCH = YES;
				COPY_PHASE_STRIP = NO;
				DEBUG_INFORMATION_FORMAT = dwarf;
				ENABLE_STRICT_OBJC_MSGSEND = YES;
				ENABLE_TESTABILITY = YES;
				GCC_C_LANGUAGE_STANDARD = gnu11;
				GCC_DYNAMIC_NO_PIC = NO;
				GCC_NO_COMMON_BLOCKS = YES;
				GCC_OPTIMIZATION_LEVEL = 0;
				GCC_PREPROCESSOR_DEFINITIONS = (
					"DEBUG=1",
					"$(inherited)",
				);
				GCC_WARN_64_TO_32_BIT_CONVERSION = YES;
				GCC_WARN_ABOUT_RETURN_TYPE = YES_ERROR;
				GCC_WARN_UNDECLARED_SELECTOR = YES;
				GCC_WARN_UNINITIALIZED_AUTOS = YES_AGGRESSIVE;
				GCC_WARN_UNUSED_FUNCTION = YES;
				GCC_WARN_UNUSED_VARIABLE = YES;
				IPHONEOS_DEPLOYMENT_TARGET = 14.0;
				MTL_ENABLE_DEBUG_INFO = INCLUDE_SOURCE;
				MTL_FAST_MATH = YES;
				ONLY_ACTIVE_ARCH = YES;
				SDKROOT = iphoneos;
				SWIFT_ACTIVE_COMPILATION_CONDITIONS = DEBUG;
				SWIFT_OPTIMIZATION_LEVEL = "-Onone";
			};
			name = Debug;
		};
		337499E529D5D63300A7AA82 /* Release */ = {
			isa = XCBuildConfiguration;
			buildSettings = {
				ALWAYS_SEARCH_USER_PATHS = NO;
				CLANG_ANALYZER_NONNULL = YES;
				CLANG_ANALYZER_NUMBER_OBJECT_CONVERSION = YES_AGGRESSIVE;
				CLANG_CXX_LANGUAGE_STANDARD = "gnu++20";
				CLANG_ENABLE_MODULES = YES;
				CLANG_ENABLE_OBJC_ARC = YES;
				CLANG_ENABLE_OBJC_WEAK = YES;
				CLANG_WARN_BLOCK_CAPTURE_AUTORELEASING = YES;
				CLANG_WARN_BOOL_CONVERSION = YES;
				CLANG_WARN_COMMA = YES;
				CLANG_WARN_CONSTANT_CONVERSION = YES;
				CLANG_WARN_DEPRECATED_OBJC_IMPLEMENTATIONS = YES;
				CLANG_WARN_DIRECT_OBJC_ISA_USAGE = YES_ERROR;
				CLANG_WARN_DOCUMENTATION_COMMENTS = YES;
				CLANG_WARN_EMPTY_BODY = YES;
				CLANG_WARN_ENUM_CONVERSION = YES;
				CLANG_WARN_INFINITE_RECURSION = YES;
				CLANG_WARN_INT_CONVERSION = YES;
				CLANG_WARN_NON_LITERAL_NULL_CONVERSION = YES;
				CLANG_WARN_OBJC_IMPLICIT_RETAIN_SELF = YES;
				CLANG_WARN_OBJC_LITERAL_CONVERSION = YES;
				CLANG_WARN_OBJC_ROOT_CLASS = YES_ERROR;
				CLANG_WARN_QUOTED_INCLUDE_IN_FRAMEWORK_HEADER = YES;
				CLANG_WARN_RANGE_LOOP_ANALYSIS = YES;
				CLANG_WARN_STRICT_PROTOTYPES = YES;
				CLANG_WARN_SUSPICIOUS_MOVE = YES;
				CLANG_WARN_UNGUARDED_AVAILABILITY = YES_AGGRESSIVE;
				CLANG_WARN_UNREACHABLE_CODE = YES;
				CLANG_WARN__DUPLICATE_METHOD_MATCH = YES;
				COPY_PHASE_STRIP = NO;
				DEBUG_INFORMATION_FORMAT = "dwarf-with-dsym";
				ENABLE_NS_ASSERTIONS = NO;
				ENABLE_STRICT_OBJC_MSGSEND = YES;
				GCC_C_LANGUAGE_STANDARD = gnu11;
				GCC_NO_COMMON_BLOCKS = YES;
				GCC_WARN_64_TO_32_BIT_CONVERSION = YES;
				GCC_WARN_ABOUT_RETURN_TYPE = YES_ERROR;
				GCC_WARN_UNDECLARED_SELECTOR = YES;
				GCC_WARN_UNINITIALIZED_AUTOS = YES_AGGRESSIVE;
				GCC_WARN_UNUSED_FUNCTION = YES;
				GCC_WARN_UNUSED_VARIABLE = YES;
				IPHONEOS_DEPLOYMENT_TARGET = 14.0;
				MTL_ENABLE_DEBUG_INFO = NO;
				MTL_FAST_MATH = YES;
				SDKROOT = iphoneos;
				SWIFT_COMPILATION_MODE = wholemodule;
				SWIFT_OPTIMIZATION_LEVEL = "-O";
				VALIDATE_PRODUCT = YES;
			};
			name = Release;
		};
		337499E729D5D63300A7AA82 /* Debug */ = {
			isa = XCBuildConfiguration;
			baseConfigurationReference = A1311AAD2A1C616C1BE46A8D /* Pods-PortfolioApp.debug.xcconfig */;
			buildSettings = {
				ASSETCATALOG_COMPILER_APPICON_NAME = AppIcon;
				ASSETCATALOG_COMPILER_GLOBAL_ACCENT_COLOR_NAME = AccentColor;
				CODE_SIGN_STYLE = Automatic;
				CURRENT_PROJECT_VERSION = 1;
				DEVELOPMENT_TEAM = K9947R9LK8;
				GENERATE_INFOPLIST_FILE = YES;
				INFOPLIST_FILE = PortfolioApp/Info.plist;
				INFOPLIST_KEY_UIApplicationSupportsIndirectInputEvents = YES;
				INFOPLIST_KEY_UILaunchStoryboardName = LaunchScreen;
				INFOPLIST_KEY_UISupportedInterfaceOrientations = UIInterfaceOrientationPortrait;
				INFOPLIST_KEY_UISupportedInterfaceOrientations_iPad = "UIInterfaceOrientationLandscapeLeft UIInterfaceOrientationLandscapeRight UIInterfaceOrientationPortrait UIInterfaceOrientationPortraitUpsideDown";
				IPHONEOS_DEPLOYMENT_TARGET = 14.0;
				LD_RUNPATH_SEARCH_PATHS = (
					"$(inherited)",
					"@executable_path/Frameworks",
				);
				MARKETING_VERSION = 1.0;
				PRODUCT_BUNDLE_IDENTIFIER = "Oleksandr-Kharchenko.PortfolioApp";
				PRODUCT_NAME = "$(TARGET_NAME)";
				SUPPORTED_PLATFORMS = "iphoneos iphonesimulator";
				SUPPORTS_MACCATALYST = NO;
				SUPPORTS_MAC_DESIGNED_FOR_IPHONE_IPAD = NO;
				SWIFT_EMIT_LOC_STRINGS = YES;
				SWIFT_VERSION = 5.0;
				TARGETED_DEVICE_FAMILY = 1;
			};
			name = Debug;
		};
		337499E829D5D63300A7AA82 /* Release */ = {
			isa = XCBuildConfiguration;
			baseConfigurationReference = 7F0A406A63E1CA6C4F23D192 /* Pods-PortfolioApp.release.xcconfig */;
			buildSettings = {
				ASSETCATALOG_COMPILER_APPICON_NAME = AppIcon;
				ASSETCATALOG_COMPILER_GLOBAL_ACCENT_COLOR_NAME = AccentColor;
				CODE_SIGN_STYLE = Automatic;
				CURRENT_PROJECT_VERSION = 1;
				DEVELOPMENT_TEAM = K9947R9LK8;
				GENERATE_INFOPLIST_FILE = YES;
				INFOPLIST_FILE = PortfolioApp/Info.plist;
				INFOPLIST_KEY_UIApplicationSupportsIndirectInputEvents = YES;
				INFOPLIST_KEY_UILaunchStoryboardName = LaunchScreen;
				INFOPLIST_KEY_UISupportedInterfaceOrientations = UIInterfaceOrientationPortrait;
				INFOPLIST_KEY_UISupportedInterfaceOrientations_iPad = "UIInterfaceOrientationLandscapeLeft UIInterfaceOrientationLandscapeRight UIInterfaceOrientationPortrait UIInterfaceOrientationPortraitUpsideDown";
				IPHONEOS_DEPLOYMENT_TARGET = 14.0;
				LD_RUNPATH_SEARCH_PATHS = (
					"$(inherited)",
					"@executable_path/Frameworks",
				);
				MARKETING_VERSION = 1.0;
				PRODUCT_BUNDLE_IDENTIFIER = "Oleksandr-Kharchenko.PortfolioApp";
				PRODUCT_NAME = "$(TARGET_NAME)";
				SUPPORTED_PLATFORMS = "iphoneos iphonesimulator";
				SUPPORTS_MACCATALYST = NO;
				SUPPORTS_MAC_DESIGNED_FOR_IPHONE_IPAD = NO;
				SWIFT_EMIT_LOC_STRINGS = YES;
				SWIFT_VERSION = 5.0;
				TARGETED_DEVICE_FAMILY = 1;
			};
			name = Release;
		};
/* End XCBuildConfiguration section */

/* Begin XCConfigurationList section */
		337499B729D5D63100A7AA82 /* Build configuration list for PBXProject "PortfolioApp" */ = {
			isa = XCConfigurationList;
			buildConfigurations = (
				337499E429D5D63300A7AA82 /* Debug */,
				337499E529D5D63300A7AA82 /* Release */,
			);
			defaultConfigurationIsVisible = 0;
			defaultConfigurationName = Release;
		};
		337499E629D5D63300A7AA82 /* Build configuration list for PBXNativeTarget "PortfolioApp" */ = {
			isa = XCConfigurationList;
			buildConfigurations = (
				337499E729D5D63300A7AA82 /* Debug */,
				337499E829D5D63300A7AA82 /* Release */,
			);
			defaultConfigurationIsVisible = 0;
			defaultConfigurationName = Release;
		};
/* End XCConfigurationList section */
	};
	rootObject = 337499B429D5D63100A7AA82 /* Project object */;
}
