// !$*UTF8*$!
{
	archiveVersion = 1;
	classes = {
	};
	objectVersion = 56;
	objects = {

/* Begin PBXBuildFile section */
		3318F15A2A6E7882002F9649 /* AlbumData.swift in Sources */ = {isa = PBXBuildFile; fileRef = 3318F1592A6E7882002F9649 /* AlbumData.swift */; };
		3318F15C2A6E78BB002F9649 /* AlbumsViewModel.swift in Sources */ = {isa = PBXBuildFile; fileRef = 3318F15B2A6E78BB002F9649 /* AlbumsViewModel.swift */; };
		3318F15E2A6E7917002F9649 /* AlbumsComposer.swift in Sources */ = {isa = PBXBuildFile; fileRef = 3318F15D2A6E7917002F9649 /* AlbumsComposer.swift */; };
		3318F1612A6E7974002F9649 /* AlbumsTableViewController.swift in Sources */ = {isa = PBXBuildFile; fileRef = 3318F15F2A6E7974002F9649 /* AlbumsTableViewController.swift */; };
		3318F1622A6E7974002F9649 /* AlbumsTableViewController.xib in Resources */ = {isa = PBXBuildFile; fileRef = 3318F1602A6E7974002F9649 /* AlbumsTableViewController.xib */; };
		3318F1672A6E79DE002F9649 /* AlbumTableViewCell.swift in Sources */ = {isa = PBXBuildFile; fileRef = 3318F1652A6E79DE002F9649 /* AlbumTableViewCell.swift */; };
		3318F1682A6E79DE002F9649 /* AlbumTableViewCell.xib in Resources */ = {isa = PBXBuildFile; fileRef = 3318F1662A6E79DE002F9649 /* AlbumTableViewCell.xib */; };
		3318F1782A6EA40B002F9649 /* PhotosData.swift in Sources */ = {isa = PBXBuildFile; fileRef = 3318F1772A6EA40B002F9649 /* PhotosData.swift */; };
		3318F17A2A6EA538002F9649 /* PhotosViewModel.swift in Sources */ = {isa = PBXBuildFile; fileRef = 3318F1792A6EA538002F9649 /* PhotosViewModel.swift */; };
		3318F17C2A6EC371002F9649 /* PhotosComposer.swift in Sources */ = {isa = PBXBuildFile; fileRef = 3318F17B2A6EC371002F9649 /* PhotosComposer.swift */; };
		3318F1802A6ECBB1002F9649 /* PhotoCollectionViewCell.swift in Sources */ = {isa = PBXBuildFile; fileRef = 3318F17E2A6ECBB1002F9649 /* PhotoCollectionViewCell.swift */; };
		3318F1812A6ECBB1002F9649 /* PhotoCollectionViewCell.xib in Resources */ = {isa = PBXBuildFile; fileRef = 3318F17F2A6ECBB1002F9649 /* PhotoCollectionViewCell.xib */; };
		337B64DC2A713A8100B133B8 /* PhotoCollectionViewController.swift in Sources */ = {isa = PBXBuildFile; fileRef = 337B64DA2A713A8100B133B8 /* PhotoCollectionViewController.swift */; };
		337B64DF2A714D4000B133B8 /* UICollectionViewCell+Extensions.swift in Sources */ = {isa = PBXBuildFile; fileRef = 337B64DE2A714D4000B133B8 /* UICollectionViewCell+Extensions.swift */; };
		339252822A72665700BEBE5D /* UIImageView+Extensions.swift in Sources */ = {isa = PBXBuildFile; fileRef = 339252812A72665700BEBE5D /* UIImageView+Extensions.swift */; };
		D7EA2E062A6DA53200415DAD /* PostsData.swift in Sources */ = {isa = PBXBuildFile; fileRef = D7EA2DE22A6DA53200415DAD /* PostsData.swift */; };
		D7EA2E072A6DA53200415DAD /* PostsViewModel.swift in Sources */ = {isa = PBXBuildFile; fileRef = D7EA2DE42A6DA53200415DAD /* PostsViewModel.swift */; };
		D7EA2E082A6DA53200415DAD /* PostsTableViewCell.xib in Resources */ = {isa = PBXBuildFile; fileRef = D7EA2DE82A6DA53200415DAD /* PostsTableViewCell.xib */; };
		D7EA2E092A6DA53200415DAD /* PostsTableViewCell.swift in Sources */ = {isa = PBXBuildFile; fileRef = D7EA2DE92A6DA53200415DAD /* PostsTableViewCell.swift */; };
		D7EA2E0A2A6DA53200415DAD /* PostsTableViewController.xib in Resources */ = {isa = PBXBuildFile; fileRef = D7EA2DEA2A6DA53200415DAD /* PostsTableViewController.xib */; };
		D7EA2E0B2A6DA53200415DAD /* PostsComposer.swift in Sources */ = {isa = PBXBuildFile; fileRef = D7EA2DEB2A6DA53200415DAD /* PostsComposer.swift */; };
		D7EA2E0C2A6DA53200415DAD /* PostsTableViewController.swift in Sources */ = {isa = PBXBuildFile; fileRef = D7EA2DEC2A6DA53200415DAD /* PostsTableViewController.swift */; };
		D7EA2E0D2A6DA53200415DAD /* Assets.xcassets in Resources */ = {isa = PBXBuildFile; fileRef = D7EA2DED2A6DA53200415DAD /* Assets.xcassets */; };
		D7EA2E0F2A6DA53200415DAD /* UITableViewCell+Extensions.swift in Sources */ = {isa = PBXBuildFile; fileRef = D7EA2DF12A6DA53200415DAD /* UITableViewCell+Extensions.swift */; };
		D7EA2E102A6DA53200415DAD /* UserData.swift in Sources */ = {isa = PBXBuildFile; fileRef = D7EA2DF42A6DA53200415DAD /* UserData.swift */; };
		D7EA2E112A6DA53200415DAD /* AddressData.swift in Sources */ = {isa = PBXBuildFile; fileRef = D7EA2DF52A6DA53200415DAD /* AddressData.swift */; };
		D7EA2E122A6DA53200415DAD /* CompanyData.swift in Sources */ = {isa = PBXBuildFile; fileRef = D7EA2DF62A6DA53200415DAD /* CompanyData.swift */; };
		D7EA2E132A6DA53200415DAD /* UsersViewModel.swift in Sources */ = {isa = PBXBuildFile; fileRef = D7EA2DF82A6DA53200415DAD /* UsersViewModel.swift */; };
		D7EA2E142A6DA53200415DAD /* UsersTableViewController.swift in Sources */ = {isa = PBXBuildFile; fileRef = D7EA2DFA2A6DA53200415DAD /* UsersTableViewController.swift */; };
		D7EA2E152A6DA53200415DAD /* UsersTableViewCell.xib in Resources */ = {isa = PBXBuildFile; fileRef = D7EA2DFD2A6DA53200415DAD /* UsersTableViewCell.xib */; };
		D7EA2E162A6DA53200415DAD /* UsersTableViewCell.swift in Sources */ = {isa = PBXBuildFile; fileRef = D7EA2DFE2A6DA53200415DAD /* UsersTableViewCell.swift */; };
		D7EA2E172A6DA53200415DAD /* UsersComposer.swift in Sources */ = {isa = PBXBuildFile; fileRef = D7EA2DFF2A6DA53200415DAD /* UsersComposer.swift */; };
		D7EA2E182A6DA53200415DAD /* AppDelegate.swift in Sources */ = {isa = PBXBuildFile; fileRef = D7EA2E002A6DA53200415DAD /* AppDelegate.swift */; };
		D7EA2E1A2A6DA53200415DAD /* SceneDelegate.swift in Sources */ = {isa = PBXBuildFile; fileRef = D7EA2E022A6DA53200415DAD /* SceneDelegate.swift */; };
		D7EA2E1E2A6DA7A800415DAD /* Localization.swift in Sources */ = {isa = PBXBuildFile; fileRef = D7EA2E1D2A6DA7A800415DAD /* Localization.swift */; };
		D7FBAED72A6DAF7900C646D6 /* Texts.strings in Resources */ = {isa = PBXBuildFile; fileRef = D7EA2E312A6DAD1600415DAD /* Texts.strings */; };
/* End PBXBuildFile section */

/* Begin PBXFileReference section */
		3318F1592A6E7882002F9649 /* AlbumData.swift */ = {isa = PBXFileReference; lastKnownFileType = sourcecode.swift; path = AlbumData.swift; sourceTree = "<group>"; };
		3318F15B2A6E78BB002F9649 /* AlbumsViewModel.swift */ = {isa = PBXFileReference; lastKnownFileType = sourcecode.swift; path = AlbumsViewModel.swift; sourceTree = "<group>"; };
		3318F15D2A6E7917002F9649 /* AlbumsComposer.swift */ = {isa = PBXFileReference; lastKnownFileType = sourcecode.swift; path = AlbumsComposer.swift; sourceTree = "<group>"; };
		3318F15F2A6E7974002F9649 /* AlbumsTableViewController.swift */ = {isa = PBXFileReference; lastKnownFileType = sourcecode.swift; path = AlbumsTableViewController.swift; sourceTree = "<group>"; };
		3318F1602A6E7974002F9649 /* AlbumsTableViewController.xib */ = {isa = PBXFileReference; lastKnownFileType = file.xib; path = AlbumsTableViewController.xib; sourceTree = "<group>"; };
		3318F1652A6E79DE002F9649 /* AlbumTableViewCell.swift */ = {isa = PBXFileReference; lastKnownFileType = sourcecode.swift; path = AlbumTableViewCell.swift; sourceTree = "<group>"; };
		3318F1662A6E79DE002F9649 /* AlbumTableViewCell.xib */ = {isa = PBXFileReference; lastKnownFileType = file.xib; path = AlbumTableViewCell.xib; sourceTree = "<group>"; };
		3318F1772A6EA40B002F9649 /* PhotosData.swift */ = {isa = PBXFileReference; lastKnownFileType = sourcecode.swift; path = PhotosData.swift; sourceTree = "<group>"; };
		3318F1792A6EA538002F9649 /* PhotosViewModel.swift */ = {isa = PBXFileReference; lastKnownFileType = sourcecode.swift; path = PhotosViewModel.swift; sourceTree = "<group>"; };
		3318F17B2A6EC371002F9649 /* PhotosComposer.swift */ = {isa = PBXFileReference; lastKnownFileType = sourcecode.swift; path = PhotosComposer.swift; sourceTree = "<group>"; };
		3318F17E2A6ECBB1002F9649 /* PhotoCollectionViewCell.swift */ = {isa = PBXFileReference; lastKnownFileType = sourcecode.swift; path = PhotoCollectionViewCell.swift; sourceTree = "<group>"; };
		3318F17F2A6ECBB1002F9649 /* PhotoCollectionViewCell.xib */ = {isa = PBXFileReference; lastKnownFileType = file.xib; path = PhotoCollectionViewCell.xib; sourceTree = "<group>"; };
		337B64DA2A713A8100B133B8 /* PhotoCollectionViewController.swift */ = {isa = PBXFileReference; lastKnownFileType = sourcecode.swift; path = PhotoCollectionViewController.swift; sourceTree = "<group>"; };
		337B64DE2A714D4000B133B8 /* UICollectionViewCell+Extensions.swift */ = {isa = PBXFileReference; lastKnownFileType = sourcecode.swift; path = "UICollectionViewCell+Extensions.swift"; sourceTree = "<group>"; };
		339252812A72665700BEBE5D /* UIImageView+Extensions.swift */ = {isa = PBXFileReference; lastKnownFileType = sourcecode.swift; path = "UIImageView+Extensions.swift"; sourceTree = "<group>"; };
		D7EA2DC22A6DA50200415DAD /* PortfolioApp.app */ = {isa = PBXFileReference; explicitFileType = wrapper.application; includeInIndex = 0; path = PortfolioApp.app; sourceTree = BUILT_PRODUCTS_DIR; };
		D7EA2DE22A6DA53200415DAD /* PostsData.swift */ = {isa = PBXFileReference; fileEncoding = 4; lastKnownFileType = sourcecode.swift; path = PostsData.swift; sourceTree = "<group>"; };
		D7EA2DE42A6DA53200415DAD /* PostsViewModel.swift */ = {isa = PBXFileReference; fileEncoding = 4; lastKnownFileType = sourcecode.swift; path = PostsViewModel.swift; sourceTree = "<group>"; };
		D7EA2DE82A6DA53200415DAD /* PostsTableViewCell.xib */ = {isa = PBXFileReference; fileEncoding = 4; lastKnownFileType = file.xib; path = PostsTableViewCell.xib; sourceTree = "<group>"; };
		D7EA2DE92A6DA53200415DAD /* PostsTableViewCell.swift */ = {isa = PBXFileReference; fileEncoding = 4; lastKnownFileType = sourcecode.swift; path = PostsTableViewCell.swift; sourceTree = "<group>"; };
		D7EA2DEA2A6DA53200415DAD /* PostsTableViewController.xib */ = {isa = PBXFileReference; fileEncoding = 4; lastKnownFileType = file.xib; path = PostsTableViewController.xib; sourceTree = "<group>"; };
		D7EA2DEB2A6DA53200415DAD /* PostsComposer.swift */ = {isa = PBXFileReference; fileEncoding = 4; lastKnownFileType = sourcecode.swift; path = PostsComposer.swift; sourceTree = "<group>"; };
		D7EA2DEC2A6DA53200415DAD /* PostsTableViewController.swift */ = {isa = PBXFileReference; fileEncoding = 4; lastKnownFileType = sourcecode.swift; path = PostsTableViewController.swift; sourceTree = "<group>"; };
		D7EA2DED2A6DA53200415DAD /* Assets.xcassets */ = {isa = PBXFileReference; lastKnownFileType = folder.assetcatalog; path = Assets.xcassets; sourceTree = "<group>"; };
		D7EA2DF12A6DA53200415DAD /* UITableViewCell+Extensions.swift */ = {isa = PBXFileReference; fileEncoding = 4; lastKnownFileType = sourcecode.swift; path = "UITableViewCell+Extensions.swift"; sourceTree = "<group>"; };
		D7EA2DF42A6DA53200415DAD /* UserData.swift */ = {isa = PBXFileReference; fileEncoding = 4; lastKnownFileType = sourcecode.swift; path = UserData.swift; sourceTree = "<group>"; };
		D7EA2DF52A6DA53200415DAD /* AddressData.swift */ = {isa = PBXFileReference; fileEncoding = 4; lastKnownFileType = sourcecode.swift; path = AddressData.swift; sourceTree = "<group>"; };
		D7EA2DF62A6DA53200415DAD /* CompanyData.swift */ = {isa = PBXFileReference; fileEncoding = 4; lastKnownFileType = sourcecode.swift; path = CompanyData.swift; sourceTree = "<group>"; };
		D7EA2DF82A6DA53200415DAD /* UsersViewModel.swift */ = {isa = PBXFileReference; fileEncoding = 4; lastKnownFileType = sourcecode.swift; path = UsersViewModel.swift; sourceTree = "<group>"; };
		D7EA2DFA2A6DA53200415DAD /* UsersTableViewController.swift */ = {isa = PBXFileReference; fileEncoding = 4; lastKnownFileType = sourcecode.swift; path = UsersTableViewController.swift; sourceTree = "<group>"; };
		D7EA2DFD2A6DA53200415DAD /* UsersTableViewCell.xib */ = {isa = PBXFileReference; fileEncoding = 4; lastKnownFileType = file.xib; path = UsersTableViewCell.xib; sourceTree = "<group>"; };
		D7EA2DFE2A6DA53200415DAD /* UsersTableViewCell.swift */ = {isa = PBXFileReference; fileEncoding = 4; lastKnownFileType = sourcecode.swift; path = UsersTableViewCell.swift; sourceTree = "<group>"; };
		D7EA2DFF2A6DA53200415DAD /* UsersComposer.swift */ = {isa = PBXFileReference; fileEncoding = 4; lastKnownFileType = sourcecode.swift; path = UsersComposer.swift; sourceTree = "<group>"; };
		D7EA2E002A6DA53200415DAD /* AppDelegate.swift */ = {isa = PBXFileReference; fileEncoding = 4; lastKnownFileType = sourcecode.swift; path = AppDelegate.swift; sourceTree = "<group>"; };
		D7EA2E012A6DA53200415DAD /* Info.plist */ = {isa = PBXFileReference; fileEncoding = 4; lastKnownFileType = text.plist.xml; path = Info.plist; sourceTree = "<group>"; };
		D7EA2E022A6DA53200415DAD /* SceneDelegate.swift */ = {isa = PBXFileReference; fileEncoding = 4; lastKnownFileType = sourcecode.swift; path = SceneDelegate.swift; sourceTree = "<group>"; };
		D7EA2E1D2A6DA7A800415DAD /* Localization.swift */ = {isa = PBXFileReference; lastKnownFileType = sourcecode.swift; path = Localization.swift; sourceTree = "<group>"; };
		D7EA2E302A6DAD1600415DAD /* en */ = {isa = PBXFileReference; lastKnownFileType = text.plist.strings; name = en; path = en.lproj/Texts.strings; sourceTree = "<group>"; };
		D7EA2E322A6DAD1D00415DAD /* uk */ = {isa = PBXFileReference; lastKnownFileType = text.plist.strings; name = uk; path = uk.lproj/Texts.strings; sourceTree = "<group>"; };
/* End PBXFileReference section */

/* Begin PBXFrameworksBuildPhase section */
		D7EA2DBF2A6DA50200415DAD /* Frameworks */ = {
			isa = PBXFrameworksBuildPhase;
			buildActionMask = 2147483647;
			files = (
			);
			runOnlyForDeploymentPostprocessing = 0;
		};
/* End PBXFrameworksBuildPhase section */

/* Begin PBXGroup section */
		3318F1552A6E780D002F9649 /* Albums */ = {
			isa = PBXGroup;
			children = (
				3318F1582A6E7857002F9649 /* Models */,
				3318F1572A6E784C002F9649 /* ViewsModels */,
				3318F1562A6E783F002F9649 /* Views */,
			);
			path = Albums;
			sourceTree = "<group>";
		};
		3318F1562A6E783F002F9649 /* Views */ = {
			isa = PBXGroup;
			children = (
				3318F1632A6E79A2002F9649 /* Cell */,
				3318F15D2A6E7917002F9649 /* AlbumsComposer.swift */,
			);
			path = Views;
			sourceTree = "<group>";
		};
		3318F1572A6E784C002F9649 /* ViewsModels */ = {
			isa = PBXGroup;
			children = (
				3318F15B2A6E78BB002F9649 /* AlbumsViewModel.swift */,
			);
			path = ViewsModels;
			sourceTree = "<group>";
		};
		3318F1582A6E7857002F9649 /* Models */ = {
			isa = PBXGroup;
			children = (
				3318F1592A6E7882002F9649 /* AlbumData.swift */,
			);
			path = Models;
			sourceTree = "<group>";
		};
		3318F1632A6E79A2002F9649 /* Cell */ = {
			isa = PBXGroup;
			children = (
				3318F15F2A6E7974002F9649 /* AlbumsTableViewController.swift */,
				3318F1602A6E7974002F9649 /* AlbumsTableViewController.xib */,
				3318F1642A6E79B4002F9649 /* AlbumTableViewCell */,
			);
			path = Cell;
			sourceTree = "<group>";
		};
		3318F1642A6E79B4002F9649 /* AlbumTableViewCell */ = {
			isa = PBXGroup;
			children = (
				3318F1652A6E79DE002F9649 /* AlbumTableViewCell.swift */,
				3318F1662A6E79DE002F9649 /* AlbumTableViewCell.xib */,
			);
			path = AlbumTableViewCell;
			sourceTree = "<group>";
		};
		3318F1692A6E95D9002F9649 /* Photos */ = {
			isa = PBXGroup;
			children = (
				3318F16C2A6E960B002F9649 /* Models */,
				3318F16B2A6E9602002F9649 /* ViewsModels */,
				3318F16A2A6E95FB002F9649 /* Views */,
			);
			path = Photos;
			sourceTree = "<group>";
		};
		3318F16A2A6E95FB002F9649 /* Views */ = {
			isa = PBXGroup;
			children = (
				337B64DA2A713A8100B133B8 /* PhotoCollectionViewController.swift */,
				3318F17B2A6EC371002F9649 /* PhotosComposer.swift */,
				3318F16D2A6E961A002F9649 /* Cell */,
			);
			path = Views;
			sourceTree = "<group>";
		};
		3318F16B2A6E9602002F9649 /* ViewsModels */ = {
			isa = PBXGroup;
			children = (
				3318F1792A6EA538002F9649 /* PhotosViewModel.swift */,
			);
			path = ViewsModels;
			sourceTree = "<group>";
		};
		3318F16C2A6E960B002F9649 /* Models */ = {
			isa = PBXGroup;
			children = (
				3318F1772A6EA40B002F9649 /* PhotosData.swift */,
			);
			path = Models;
			sourceTree = "<group>";
		};
		3318F16D2A6E961A002F9649 /* Cell */ = {
			isa = PBXGroup;
			children = (
				3318F17D2A6ECB78002F9649 /* PhotoCollectionViewCell */,
			);
			path = Cell;
			sourceTree = "<group>";
		};
		3318F17D2A6ECB78002F9649 /* PhotoCollectionViewCell */ = {
			isa = PBXGroup;
			children = (
				3318F17E2A6ECBB1002F9649 /* PhotoCollectionViewCell.swift */,
				3318F17F2A6ECBB1002F9649 /* PhotoCollectionViewCell.xib */,
			);
			path = PhotoCollectionViewCell;
			sourceTree = "<group>";
		};
		D7EA2DB92A6DA50200415DAD = {
			isa = PBXGroup;
			children = (
				D7EA2DD92A6DA53200415DAD /* PortfolioApp */,
				D7EA2DC32A6DA50200415DAD /* Products */,
			);
			sourceTree = "<group>";
		};
		D7EA2DC32A6DA50200415DAD /* Products */ = {
			isa = PBXGroup;
			children = (
				D7EA2DC22A6DA50200415DAD /* PortfolioApp.app */,
			);
			name = Products;
			sourceTree = "<group>";
		};
		D7EA2DD92A6DA53200415DAD /* PortfolioApp */ = {
			isa = PBXGroup;
			children = (
				D7EA2E1B2A6DA6FB00415DAD /* Application */,
				D7EA2E1C2A6DA71B00415DAD /* Screens */,
				D7EA2DF02A6DA53200415DAD /* Extensions */,
				D7EA2DED2A6DA53200415DAD /* Assets.xcassets */,
				D7EA2E312A6DAD1600415DAD /* Texts.strings */,
				D7EA2E012A6DA53200415DAD /* Info.plist */,
			);
			path = PortfolioApp;
			sourceTree = "<group>";
		};
		D7EA2DE02A6DA53200415DAD /* Posts */ = {
			isa = PBXGroup;
			children = (
				D7EA2DE12A6DA53200415DAD /* Models */,
				D7EA2DE32A6DA53200415DAD /* ViewsModels */,
				D7EA2DE52A6DA53200415DAD /* Views */,
			);
			path = Posts;
			sourceTree = "<group>";
		};
		D7EA2DE12A6DA53200415DAD /* Models */ = {
			isa = PBXGroup;
			children = (
				D7EA2DE22A6DA53200415DAD /* PostsData.swift */,
			);
			path = Models;
			sourceTree = "<group>";
		};
		D7EA2DE32A6DA53200415DAD /* ViewsModels */ = {
			isa = PBXGroup;
			children = (
				D7EA2DE42A6DA53200415DAD /* PostsViewModel.swift */,
			);
			path = ViewsModels;
			sourceTree = "<group>";
		};
		D7EA2DE52A6DA53200415DAD /* Views */ = {
			isa = PBXGroup;
			children = (
				D7EA2DEC2A6DA53200415DAD /* PostsTableViewController.swift */,
				D7EA2DEA2A6DA53200415DAD /* PostsTableViewController.xib */,
				D7EA2DE62A6DA53200415DAD /* Cell */,
				D7EA2DEB2A6DA53200415DAD /* PostsComposer.swift */,
			);
			path = Views;
			sourceTree = "<group>";
		};
		D7EA2DE62A6DA53200415DAD /* Cell */ = {
			isa = PBXGroup;
			children = (
				D7EA2DE72A6DA53200415DAD /* PostsTableViewCell */,
			);
			path = Cell;
			sourceTree = "<group>";
		};
		D7EA2DE72A6DA53200415DAD /* PostsTableViewCell */ = {
			isa = PBXGroup;
			children = (
				D7EA2DE92A6DA53200415DAD /* PostsTableViewCell.swift */,
				D7EA2DE82A6DA53200415DAD /* PostsTableViewCell.xib */,
			);
			path = PostsTableViewCell;
			sourceTree = "<group>";
		};
		D7EA2DF02A6DA53200415DAD /* Extensions */ = {
			isa = PBXGroup;
			children = (
				339252812A72665700BEBE5D /* UIImageView+Extensions.swift */,
				D7EA2DF12A6DA53200415DAD /* UITableViewCell+Extensions.swift */,
				337B64DE2A714D4000B133B8 /* UICollectionViewCell+Extensions.swift */,
				D7EA2E1D2A6DA7A800415DAD /* Localization.swift */,
			);
			path = Extensions;
			sourceTree = "<group>";
		};
		D7EA2DF22A6DA53200415DAD /* Users */ = {
			isa = PBXGroup;
			children = (
				D7EA2DF32A6DA53200415DAD /* Models */,
				D7EA2DF72A6DA53200415DAD /* ViewsModels */,
				D7EA2DF92A6DA53200415DAD /* Views */,
			);
			path = Users;
			sourceTree = "<group>";
		};
		D7EA2DF32A6DA53200415DAD /* Models */ = {
			isa = PBXGroup;
			children = (
				D7EA2DF42A6DA53200415DAD /* UserData.swift */,
				D7EA2DF52A6DA53200415DAD /* AddressData.swift */,
				D7EA2DF62A6DA53200415DAD /* CompanyData.swift */,
			);
			path = Models;
			sourceTree = "<group>";
		};
		D7EA2DF72A6DA53200415DAD /* ViewsModels */ = {
			isa = PBXGroup;
			children = (
				D7EA2DF82A6DA53200415DAD /* UsersViewModel.swift */,
			);
			path = ViewsModels;
			sourceTree = "<group>";
		};
		D7EA2DF92A6DA53200415DAD /* Views */ = {
			isa = PBXGroup;
			children = (
				D7EA2DFA2A6DA53200415DAD /* UsersTableViewController.swift */,
				D7EA2DFB2A6DA53200415DAD /* Cell */,
				D7EA2DFF2A6DA53200415DAD /* UsersComposer.swift */,
			);
			path = Views;
			sourceTree = "<group>";
		};
		D7EA2DFB2A6DA53200415DAD /* Cell */ = {
			isa = PBXGroup;
			children = (
				D7EA2DFC2A6DA53200415DAD /* UsersTableViewCell */,
			);
			path = Cell;
			sourceTree = "<group>";
		};
		D7EA2DFC2A6DA53200415DAD /* UsersTableViewCell */ = {
			isa = PBXGroup;
			children = (
				D7EA2DFD2A6DA53200415DAD /* UsersTableViewCell.xib */,
				D7EA2DFE2A6DA53200415DAD /* UsersTableViewCell.swift */,
			);
			path = UsersTableViewCell;
			sourceTree = "<group>";
		};
		D7EA2E1B2A6DA6FB00415DAD /* Application */ = {
			isa = PBXGroup;
			children = (
				D7EA2E002A6DA53200415DAD /* AppDelegate.swift */,
				D7EA2E022A6DA53200415DAD /* SceneDelegate.swift */,
			);
			path = Application;
			sourceTree = "<group>";
		};
		D7EA2E1C2A6DA71B00415DAD /* Screens */ = {
			isa = PBXGroup;
			children = (
				D7EA2DF22A6DA53200415DAD /* Users */,
				D7EA2DE02A6DA53200415DAD /* Posts */,
				3318F1552A6E780D002F9649 /* Albums */,
				3318F1692A6E95D9002F9649 /* Photos */,
			);
			path = Screens;
			sourceTree = "<group>";
		};
/* End PBXGroup section */

/* Begin PBXNativeTarget section */
		D7EA2DC12A6DA50200415DAD /* PortfolioApp */ = {
			isa = PBXNativeTarget;
			buildConfigurationList = D7EA2DD62A6DA50300415DAD /* Build configuration list for PBXNativeTarget "PortfolioApp" */;
			buildPhases = (
				D7EA2DBE2A6DA50200415DAD /* Sources */,
				D7EA2DBF2A6DA50200415DAD /* Frameworks */,
				D7EA2DC02A6DA50200415DAD /* Resources */,
			);
			buildRules = (
			);
			dependencies = (
			);
			name = PortfolioApp;
			productName = PortfolioApp;
			productReference = D7EA2DC22A6DA50200415DAD /* PortfolioApp.app */;
			productType = "com.apple.product-type.application";
		};
/* End PBXNativeTarget section */

/* Begin PBXProject section */
		D7EA2DBA2A6DA50200415DAD /* Project object */ = {
			isa = PBXProject;
			attributes = {
				BuildIndependentTargetsInParallel = 1;
				LastSwiftUpdateCheck = 1430;
				LastUpgradeCheck = 1430;
				TargetAttributes = {
					D7EA2DC12A6DA50200415DAD = {
						CreatedOnToolsVersion = 14.3.1;
					};
				};
			};
			buildConfigurationList = D7EA2DBD2A6DA50200415DAD /* Build configuration list for PBXProject "PortfolioApp" */;
			compatibilityVersion = "Xcode 14.0";
			developmentRegion = en;
			hasScannedForEncodings = 0;
			knownRegions = (
				en,
				uk,
				Base,
			);
			mainGroup = D7EA2DB92A6DA50200415DAD;
			productRefGroup = D7EA2DC32A6DA50200415DAD /* Products */;
			projectDirPath = "";
			projectRoot = "";
			targets = (
				D7EA2DC12A6DA50200415DAD /* PortfolioApp */,
			);
		};
/* End PBXProject section */

/* Begin PBXResourcesBuildPhase section */
		D7EA2DC02A6DA50200415DAD /* Resources */ = {
			isa = PBXResourcesBuildPhase;
			buildActionMask = 2147483647;
			files = (
				D7EA2E152A6DA53200415DAD /* UsersTableViewCell.xib in Resources */,
				3318F1622A6E7974002F9649 /* AlbumsTableViewController.xib in Resources */,
				D7FBAED72A6DAF7900C646D6 /* Texts.strings in Resources */,
				3318F1812A6ECBB1002F9649 /* PhotoCollectionViewCell.xib in Resources */,
				D7EA2E082A6DA53200415DAD /* PostsTableViewCell.xib in Resources */,
				3318F1682A6E79DE002F9649 /* AlbumTableViewCell.xib in Resources */,
				D7EA2E0A2A6DA53200415DAD /* PostsTableViewController.xib in Resources */,
				D7EA2E0D2A6DA53200415DAD /* Assets.xcassets in Resources */,
			);
			runOnlyForDeploymentPostprocessing = 0;
		};
/* End PBXResourcesBuildPhase section */

/* Begin PBXSourcesBuildPhase section */
		D7EA2DBE2A6DA50200415DAD /* Sources */ = {
			isa = PBXSourcesBuildPhase;
			buildActionMask = 2147483647;
			files = (
				D7EA2E0B2A6DA53200415DAD /* PostsComposer.swift in Sources */,
				3318F1802A6ECBB1002F9649 /* PhotoCollectionViewCell.swift in Sources */,
				D7EA2E0C2A6DA53200415DAD /* PostsTableViewController.swift in Sources */,
				D7EA2E172A6DA53200415DAD /* UsersComposer.swift in Sources */,
				337B64DF2A714D4000B133B8 /* UICollectionViewCell+Extensions.swift in Sources */,
				D7EA2E182A6DA53200415DAD /* AppDelegate.swift in Sources */,
				3318F17C2A6EC371002F9649 /* PhotosComposer.swift in Sources */,
				D7EA2E102A6DA53200415DAD /* UserData.swift in Sources */,
				D7EA2E162A6DA53200415DAD /* UsersTableViewCell.swift in Sources */,
				D7EA2E1E2A6DA7A800415DAD /* Localization.swift in Sources */,
				D7EA2E142A6DA53200415DAD /* UsersTableViewController.swift in Sources */,
				3318F17A2A6EA538002F9649 /* PhotosViewModel.swift in Sources */,
				D7EA2E1A2A6DA53200415DAD /* SceneDelegate.swift in Sources */,
				3318F1612A6E7974002F9649 /* AlbumsTableViewController.swift in Sources */,
				3318F15E2A6E7917002F9649 /* AlbumsComposer.swift in Sources */,
				3318F1672A6E79DE002F9649 /* AlbumTableViewCell.swift in Sources */,
				337B64DC2A713A8100B133B8 /* PhotoCollectionViewController.swift in Sources */,
				D7EA2E062A6DA53200415DAD /* PostsData.swift in Sources */,
				3318F15A2A6E7882002F9649 /* AlbumData.swift in Sources */,
				D7EA2E0F2A6DA53200415DAD /* UITableViewCell+Extensions.swift in Sources */,
				D7EA2E112A6DA53200415DAD /* AddressData.swift in Sources */,
				3318F1782A6EA40B002F9649 /* PhotosData.swift in Sources */,
				339252822A72665700BEBE5D /* UIImageView+Extensions.swift in Sources */,
				D7EA2E072A6DA53200415DAD /* PostsViewModel.swift in Sources */,
				3318F15C2A6E78BB002F9649 /* AlbumsViewModel.swift in Sources */,
				D7EA2E092A6DA53200415DAD /* PostsTableViewCell.swift in Sources */,
				D7EA2E122A6DA53200415DAD /* CompanyData.swift in Sources */,
				D7EA2E132A6DA53200415DAD /* UsersViewModel.swift in Sources */,
			);
			runOnlyForDeploymentPostprocessing = 0;
		};
/* End PBXSourcesBuildPhase section */

/* Begin PBXVariantGroup section */
		D7EA2E312A6DAD1600415DAD /* Texts.strings */ = {
			isa = PBXVariantGroup;
			children = (
				D7EA2E302A6DAD1600415DAD /* en */,
				D7EA2E322A6DAD1D00415DAD /* uk */,
			);
			name = Texts.strings;
			sourceTree = "<group>";
		};
/* End PBXVariantGroup section */

/* Begin XCBuildConfiguration section */
		D7EA2DD42A6DA50300415DAD /* Debug */ = {
			isa = XCBuildConfiguration;
			buildSettings = {
				ALWAYS_SEARCH_USER_PATHS = NO;
				CLANG_ANALYZER_LOCALIZABILITY_NONLOCALIZED = YES;
				CLANG_ANALYZER_NONNULL = YES;
				CLANG_ANALYZER_NUMBER_OBJECT_CONVERSION = YES_AGGRESSIVE;
				CLANG_CXX_LANGUAGE_STANDARD = "gnu++20";
				CLANG_ENABLE_MODULES = YES;
				CLANG_ENABLE_OBJC_ARC = YES;
				CLANG_ENABLE_OBJC_WEAK = YES;
				CLANG_WARN_BLOCK_CAPTURE_AUTORELEASING = YES;
				CLANG_WARN_BOOL_CONVERSION = YES;
				CLANG_WARN_COMMA = YES;
				CLANG_WARN_CONSTANT_CONVERSION = YES;
				CLANG_WARN_DEPRECATED_OBJC_IMPLEMENTATIONS = YES;
				CLANG_WARN_DIRECT_OBJC_ISA_USAGE = YES_ERROR;
				CLANG_WARN_DOCUMENTATION_COMMENTS = YES;
				CLANG_WARN_EMPTY_BODY = YES;
				CLANG_WARN_ENUM_CONVERSION = YES;
				CLANG_WARN_INFINITE_RECURSION = YES;
				CLANG_WARN_INT_CONVERSION = YES;
				CLANG_WARN_NON_LITERAL_NULL_CONVERSION = YES;
				CLANG_WARN_OBJC_IMPLICIT_RETAIN_SELF = YES;
				CLANG_WARN_OBJC_LITERAL_CONVERSION = YES;
				CLANG_WARN_OBJC_ROOT_CLASS = YES_ERROR;
				CLANG_WARN_QUOTED_INCLUDE_IN_FRAMEWORK_HEADER = YES;
				CLANG_WARN_RANGE_LOOP_ANALYSIS = YES;
				CLANG_WARN_STRICT_PROTOTYPES = YES;
				CLANG_WARN_SUSPICIOUS_MOVE = YES;
				CLANG_WARN_UNGUARDED_AVAILABILITY = YES_AGGRESSIVE;
				CLANG_WARN_UNREACHABLE_CODE = YES;
				CLANG_WARN__DUPLICATE_METHOD_MATCH = YES;
				COPY_PHASE_STRIP = NO;
				DEBUG_INFORMATION_FORMAT = dwarf;
				ENABLE_STRICT_OBJC_MSGSEND = YES;
				ENABLE_TESTABILITY = YES;
				GCC_C_LANGUAGE_STANDARD = gnu11;
				GCC_DYNAMIC_NO_PIC = NO;
				GCC_NO_COMMON_BLOCKS = YES;
				GCC_OPTIMIZATION_LEVEL = 0;
				GCC_PREPROCESSOR_DEFINITIONS = (
					"DEBUG=1",
					"$(inherited)",
				);
				GCC_WARN_64_TO_32_BIT_CONVERSION = YES;
				GCC_WARN_ABOUT_RETURN_TYPE = YES_ERROR;
				GCC_WARN_UNDECLARED_SELECTOR = YES;
				GCC_WARN_UNINITIALIZED_AUTOS = YES_AGGRESSIVE;
				GCC_WARN_UNUSED_FUNCTION = YES;
				GCC_WARN_UNUSED_VARIABLE = YES;
				IPHONEOS_DEPLOYMENT_TARGET = 14.0;
				MTL_ENABLE_DEBUG_INFO = INCLUDE_SOURCE;
				MTL_FAST_MATH = YES;
				ONLY_ACTIVE_ARCH = YES;
				SDKROOT = iphoneos;
				SWIFT_ACTIVE_COMPILATION_CONDITIONS = DEBUG;
				SWIFT_OPTIMIZATION_LEVEL = "-Onone";
			};
			name = Debug;
		};
		D7EA2DD52A6DA50300415DAD /* Release */ = {
			isa = XCBuildConfiguration;
			buildSettings = {
				ALWAYS_SEARCH_USER_PATHS = NO;
				CLANG_ANALYZER_LOCALIZABILITY_NONLOCALIZED = YES;
				CLANG_ANALYZER_NONNULL = YES;
				CLANG_ANALYZER_NUMBER_OBJECT_CONVERSION = YES_AGGRESSIVE;
				CLANG_CXX_LANGUAGE_STANDARD = "gnu++20";
				CLANG_ENABLE_MODULES = YES;
				CLANG_ENABLE_OBJC_ARC = YES;
				CLANG_ENABLE_OBJC_WEAK = YES;
				CLANG_WARN_BLOCK_CAPTURE_AUTORELEASING = YES;
				CLANG_WARN_BOOL_CONVERSION = YES;
				CLANG_WARN_COMMA = YES;
				CLANG_WARN_CONSTANT_CONVERSION = YES;
				CLANG_WARN_DEPRECATED_OBJC_IMPLEMENTATIONS = YES;
				CLANG_WARN_DIRECT_OBJC_ISA_USAGE = YES_ERROR;
				CLANG_WARN_DOCUMENTATION_COMMENTS = YES;
				CLANG_WARN_EMPTY_BODY = YES;
				CLANG_WARN_ENUM_CONVERSION = YES;
				CLANG_WARN_INFINITE_RECURSION = YES;
				CLANG_WARN_INT_CONVERSION = YES;
				CLANG_WARN_NON_LITERAL_NULL_CONVERSION = YES;
				CLANG_WARN_OBJC_IMPLICIT_RETAIN_SELF = YES;
				CLANG_WARN_OBJC_LITERAL_CONVERSION = YES;
				CLANG_WARN_OBJC_ROOT_CLASS = YES_ERROR;
				CLANG_WARN_QUOTED_INCLUDE_IN_FRAMEWORK_HEADER = YES;
				CLANG_WARN_RANGE_LOOP_ANALYSIS = YES;
				CLANG_WARN_STRICT_PROTOTYPES = YES;
				CLANG_WARN_SUSPICIOUS_MOVE = YES;
				CLANG_WARN_UNGUARDED_AVAILABILITY = YES_AGGRESSIVE;
				CLANG_WARN_UNREACHABLE_CODE = YES;
				CLANG_WARN__DUPLICATE_METHOD_MATCH = YES;
				COPY_PHASE_STRIP = NO;
				DEBUG_INFORMATION_FORMAT = "dwarf-with-dsym";
				ENABLE_NS_ASSERTIONS = NO;
				ENABLE_STRICT_OBJC_MSGSEND = YES;
				GCC_C_LANGUAGE_STANDARD = gnu11;
				GCC_NO_COMMON_BLOCKS = YES;
				GCC_WARN_64_TO_32_BIT_CONVERSION = YES;
				GCC_WARN_ABOUT_RETURN_TYPE = YES_ERROR;
				GCC_WARN_UNDECLARED_SELECTOR = YES;
				GCC_WARN_UNINITIALIZED_AUTOS = YES_AGGRESSIVE;
				GCC_WARN_UNUSED_FUNCTION = YES;
				GCC_WARN_UNUSED_VARIABLE = YES;
				IPHONEOS_DEPLOYMENT_TARGET = 14.0;
				MTL_ENABLE_DEBUG_INFO = NO;
				MTL_FAST_MATH = YES;
				SDKROOT = iphoneos;
				SWIFT_COMPILATION_MODE = wholemodule;
				SWIFT_OPTIMIZATION_LEVEL = "-O";
				VALIDATE_PRODUCT = YES;
			};
			name = Release;
		};
		D7EA2DD72A6DA50300415DAD /* Debug */ = {
			isa = XCBuildConfiguration;
			buildSettings = {
				ASSETCATALOG_COMPILER_APPICON_NAME = AppIcon;
				ASSETCATALOG_COMPILER_GLOBAL_ACCENT_COLOR_NAME = AccentColor;
				CLANG_ANALYZER_LOCALIZABILITY_EMPTY_CONTEXT = YES;
				CODE_SIGN_STYLE = Automatic;
				CURRENT_PROJECT_VERSION = 1;
				DEVELOPMENT_TEAM = K9947R9LK8;
				GENERATE_INFOPLIST_FILE = YES;
				INFOPLIST_FILE = PortfolioApp/Info.plist;
				INFOPLIST_KEY_UIApplicationSupportsIndirectInputEvents = YES;
				INFOPLIST_KEY_UILaunchStoryboardName = LaunchScreen;
				INFOPLIST_KEY_UISupportedInterfaceOrientations = UIInterfaceOrientationPortrait;
				IPHONEOS_DEPLOYMENT_TARGET = 14.0;
				LD_RUNPATH_SEARCH_PATHS = (
					"$(inherited)",
					"@executable_path/Frameworks",
				);
				LOCALIZATION_EXPORT_SUPPORTED = YES;
				MARKETING_VERSION = 1.0;
				PRODUCT_BUNDLE_IDENTIFIER = AE.PortfolioApp;
				PRODUCT_NAME = "$(TARGET_NAME)";
				SWIFT_EMIT_LOC_STRINGS = YES;
				SWIFT_VERSION = 5.0;
				TARGETED_DEVICE_FAMILY = "1,2";
			};
			name = Debug;
		};
		D7EA2DD82A6DA50300415DAD /* Release */ = {
			isa = XCBuildConfiguration;
			buildSettings = {
				ASSETCATALOG_COMPILER_APPICON_NAME = AppIcon;
				ASSETCATALOG_COMPILER_GLOBAL_ACCENT_COLOR_NAME = AccentColor;
				CLANG_ANALYZER_LOCALIZABILITY_EMPTY_CONTEXT = YES;
				CODE_SIGN_STYLE = Automatic;
				CURRENT_PROJECT_VERSION = 1;
				DEVELOPMENT_TEAM = K9947R9LK8;
				GENERATE_INFOPLIST_FILE = YES;
				INFOPLIST_FILE = PortfolioApp/Info.plist;
				INFOPLIST_KEY_UIApplicationSupportsIndirectInputEvents = YES;
				INFOPLIST_KEY_UILaunchStoryboardName = LaunchScreen;
				INFOPLIST_KEY_UISupportedInterfaceOrientations = UIInterfaceOrientationPortrait;
				IPHONEOS_DEPLOYMENT_TARGET = 14.0;
				LD_RUNPATH_SEARCH_PATHS = (
					"$(inherited)",
					"@executable_path/Frameworks",
				);
				LOCALIZATION_EXPORT_SUPPORTED = YES;
				MARKETING_VERSION = 1.0;
				PRODUCT_BUNDLE_IDENTIFIER = AE.PortfolioApp;
				PRODUCT_NAME = "$(TARGET_NAME)";
				SWIFT_EMIT_LOC_STRINGS = YES;
				SWIFT_VERSION = 5.0;
				TARGETED_DEVICE_FAMILY = "1,2";
			};
			name = Release;
		};
/* End XCBuildConfiguration section */

/* Begin XCConfigurationList section */
		D7EA2DBD2A6DA50200415DAD /* Build configuration list for PBXProject "PortfolioApp" */ = {
			isa = XCConfigurationList;
			buildConfigurations = (
				D7EA2DD42A6DA50300415DAD /* Debug */,
				D7EA2DD52A6DA50300415DAD /* Release */,
			);
			defaultConfigurationIsVisible = 0;
			defaultConfigurationName = Release;
		};
		D7EA2DD62A6DA50300415DAD /* Build configuration list for PBXNativeTarget "PortfolioApp" */ = {
			isa = XCConfigurationList;
			buildConfigurations = (
				D7EA2DD72A6DA50300415DAD /* Debug */,
				D7EA2DD82A6DA50300415DAD /* Release */,
			);
			defaultConfigurationIsVisible = 0;
			defaultConfigurationName = Release;
		};
/* End XCConfigurationList section */
	};
	rootObject = D7EA2DBA2A6DA50200415DAD /* Project object */;
}
